
Microsoft Visual Studio Solution File, Format Version 11.00
# Visual Studio 2010
Project("{FAE04EC0-301F-11D3-BF4B-00C04F79EFBC}") = "AmexHelperV2", "AmexHelperV2\AmexHelperV2.csproj", "{46716767-61C1-4564-98E7-AF4F62DB929C}"
EndProject
Global
	GlobalSection(SolutionConfigurationPlatforms) = preSolution
		Debug|Any CPU = Debug|Any CPU
		Release|Any CPU = Release|Any CPU
	EndGlobalSection
	GlobalSection(ProjectConfigurationPlatforms) = postSolution
		{46716767-61C1-4564-98E7-AF4F62DB929C}.Debug|Any CPU.ActiveCfg = Debug|Any CPU
		{46716767-61C1-4564-98E7-AF4F62DB929C}.Debug|Any CPU.Build.0 = Debug|Any CPU
		{46716767-61C1-4564-98E7-AF4F62DB929C}.Release|Any CPU.ActiveCfg = Release|Any CPU
		{46716767-61C1-4564-98E7-AF4F62DB929C}.Release|Any CPU.Build.0 = Release|Any CPU
	EndGlobalSection
	GlobalSection(SolutionProperties) = preSolution
		HideSolutionNode = FALSE
	EndGlobalSection
EndGlobal
